
Microsoft Visual Studio Solution File, Format Version 12.00
# Visual Studio 15
VisualStudioVersion = 15.0.27130.2027
MinimumVisualStudioVersion = 10.0.40219.1
Project("{FAE04EC0-301F-11D3-BF4B-00C04F79EFBC}") = "Lottery", "Lottery\Lottery.csproj", "{875CAABB-2233-419A-A941-C4C2F16B3868}"
EndProject
Global
	GlobalSection(SolutionConfigurationPlatforms) = preSolution
		Debug|Any CPU = Debug|Any CPU
		Release|Any CPU = Release|Any CPU
	EndGlobalSection
	GlobalSection(ProjectConfigurationPlatforms) = postSolution
		{875CAABB-2233-419A-A941-C4C2F16B3868}.Debug|Any CPU.ActiveCfg = Debug|Any CPU
		{875CAABB-2233-419A-A941-C4C2F16B3868}.Debug|Any CPU.Build.0 = Debug|Any CPU
		{875CAABB-2233-419A-A941-C4C2F16B3868}.Release|Any CPU.ActiveCfg = Release|Any CPU
		{875CAABB-2233-419A-A941-C4C2F16B3868}.Release|Any CPU.Build.0 = Release|Any CPU
	EndGlobalSection
	GlobalSection(SolutionProperties) = preSolution
		HideSolutionNode = FALSE
	EndGlobalSection
	GlobalSection(ExtensibilityGlobals) = postSolution
		SolutionGuid = {2EEC3727-A1CE-4585-9387-82990AE2D68E}
	EndGlobalSection
EndGlobal
